
Microsoft Visual Studio Solution File, Format Version 12.00
# Visual Studio Version 17
VisualStudioVersion = 17.1.32328.378
MinimumVisualStudioVersion = 10.0.40219.1
Project("{FAE04EC0-301F-11D3-BF4B-00C04F79EFBC}") = "BusinessLayer", "BusinessLayer\BusinessLayer.csproj", "{16B41F74-4229-4A92-8AEA-C95623161734}"
EndProject
Project("{FAE04EC0-301F-11D3-BF4B-00C04F79EFBC}") = "DataLayer", "DataLayer\DataLayer.csproj", "{128F4C2F-825B-49C1-B7CC-D87E4C60E958}"
EndProject
Project("{FAE04EC0-301F-11D3-BF4B-00C04F79EFBC}") = "Estore", "Estore\Estore.csproj", "{6FF821D5-0D2F-498E-A74C-DF81024A30E1}"
EndProject
Global
	GlobalSection(SolutionConfigurationPlatforms) = preSolution
		Debug|Any CPU = Debug|Any CPU
		Release|Any CPU = Release|Any CPU
	EndGlobalSection
	GlobalSection(ProjectConfigurationPlatforms) = postSolution
		{16B41F74-4229-4A92-8AEA-C95623161734}.Debug|Any CPU.ActiveCfg = Debug|Any CPU
		{16B41F74-4229-4A92-8AEA-C95623161734}.Debug|Any CPU.Build.0 = Debug|Any CPU
		{16B41F74-4229-4A92-8AEA-C95623161734}.Release|Any CPU.ActiveCfg = Release|Any CPU
		{16B41F74-4229-4A92-8AEA-C95623161734}.Release|Any CPU.Build.0 = Release|Any CPU
		{128F4C2F-825B-49C1-B7CC-D87E4C60E958}.Debug|Any CPU.ActiveCfg = Debug|Any CPU
		{128F4C2F-825B-49C1-B7CC-D87E4C60E958}.Debug|Any CPU.Build.0 = Debug|Any CPU
		{128F4C2F-825B-49C1-B7CC-D87E4C60E958}.Release|Any CPU.ActiveCfg = Release|Any CPU
		{128F4C2F-825B-49C1-B7CC-D87E4C60E958}.Release|Any CPU.Build.0 = Release|Any CPU
		{6FF821D5-0D2F-498E-A74C-DF81024A30E1}.Debug|Any CPU.ActiveCfg = Debug|Any CPU
		{6FF821D5-0D2F-498E-A74C-DF81024A30E1}.Debug|Any CPU.Build.0 = Debug|Any CPU
		{6FF821D5-0D2F-498E-A74C-DF81024A30E1}.Release|Any CPU.ActiveCfg = Release|Any CPU
		{6FF821D5-0D2F-498E-A74C-DF81024A30E1}.Release|Any CPU.Build.0 = Release|Any CPU
	EndGlobalSection
	GlobalSection(SolutionProperties) = preSolution
		HideSolutionNode = FALSE
	EndGlobalSection
	GlobalSection(ExtensibilityGlobals) = postSolution
		SolutionGuid = {A8FE33B6-8F57-44FC-AB6D-62E975A836AE}
	EndGlobalSection
EndGlobal
